
Microsoft Visual Studio Solution File, Format Version 12.00
# Visual Studio 15
VisualStudioVersion = 15.0.28307.329
MinimumVisualStudioVersion = 10.0.40219.1
Project("{FAE04EC0-301F-11D3-BF4B-00C04F79EFBC}") = "TicTacToeGOTY", "TicTacToeGOTY\TicTacToeGOTY.csproj", "{A2D173EA-BE10-4354-A97A-1C24A8D4E548}"
EndProject
Global
	GlobalSection(SolutionConfigurationPlatforms) = preSolution
		Debug|Any CPU = Debug|Any CPU
		Release|Any CPU = Release|Any CPU
	EndGlobalSection
	GlobalSection(ProjectConfigurationPlatforms) = postSolution
		{A2D173EA-BE10-4354-A97A-1C24A8D4E548}.Debug|Any CPU.ActiveCfg = Debug|Any CPU
		{A2D173EA-BE10-4354-A97A-1C24A8D4E548}.Debug|Any CPU.Build.0 = Debug|Any CPU
		{A2D173EA-BE10-4354-A97A-1C24A8D4E548}.Release|Any CPU.ActiveCfg = Release|Any CPU
		{A2D173EA-BE10-4354-A97A-1C24A8D4E548}.Release|Any CPU.Build.0 = Release|Any CPU
	EndGlobalSection
	GlobalSection(SolutionProperties) = preSolution
		HideSolutionNode = FALSE
	EndGlobalSection
	GlobalSection(ExtensibilityGlobals) = postSolution
		SolutionGuid = {17CAC132-868C-457C-A8B6-920150887935}
	EndGlobalSection
EndGlobal
