
Microsoft Visual Studio Solution File, Format Version 12.00
# Visual Studio 15
VisualStudioVersion = 15.0.28307.329
MinimumVisualStudioVersion = 10.0.40219.1
Project("{FAE04EC0-301F-11D3-BF4B-00C04F79EFBC}") = "FlooringMastery.UI", "FlooringMastery\FlooringMastery.UI.csproj", "{596620CC-433D-400A-8DFE-64B97A00E5FC}"
EndProject
Project("{FAE04EC0-301F-11D3-BF4B-00C04F79EFBC}") = "FlooringMastery.BLL", "FlooringMastery.BLL\FlooringMastery.BLL.csproj", "{63F0B552-35D4-4603-B5FA-C9BFC6971F6B}"
EndProject
Project("{FAE04EC0-301F-11D3-BF4B-00C04F79EFBC}") = "FlooringMastery.Tests", "FlooringMastery.Tests\FlooringMastery.Tests.csproj", "{068084A2-1A2E-4767-B2CA-77E125BE71F8}"
EndProject
Project("{FAE04EC0-301F-11D3-BF4B-00C04F79EFBC}") = "FlooringMastery.Data", "FlooringMastery.Data\FlooringMastery.Data.csproj", "{DAB2C113-3618-4E4D-8D3D-6BFB8A66AA89}"
EndProject
Project("{FAE04EC0-301F-11D3-BF4B-00C04F79EFBC}") = "FlooringMastery.Models", "FlooringMastery.Models\FlooringMastery.Models.csproj", "{B98A7F82-6A46-4856-AFE4-C0EB1B717913}"
EndProject
Global
	GlobalSection(SolutionConfigurationPlatforms) = preSolution
		Debug|Any CPU = Debug|Any CPU
		Release|Any CPU = Release|Any CPU
	EndGlobalSection
	GlobalSection(ProjectConfigurationPlatforms) = postSolution
		{596620CC-433D-400A-8DFE-64B97A00E5FC}.Debug|Any CPU.ActiveCfg = Debug|Any CPU
		{596620CC-433D-400A-8DFE-64B97A00E5FC}.Debug|Any CPU.Build.0 = Debug|Any CPU
		{596620CC-433D-400A-8DFE-64B97A00E5FC}.Release|Any CPU.ActiveCfg = Release|Any CPU
		{596620CC-433D-400A-8DFE-64B97A00E5FC}.Release|Any CPU.Build.0 = Release|Any CPU
		{63F0B552-35D4-4603-B5FA-C9BFC6971F6B}.Debug|Any CPU.ActiveCfg = Debug|Any CPU
		{63F0B552-35D4-4603-B5FA-C9BFC6971F6B}.Debug|Any CPU.Build.0 = Debug|Any CPU
		{63F0B552-35D4-4603-B5FA-C9BFC6971F6B}.Release|Any CPU.ActiveCfg = Release|Any CPU
		{63F0B552-35D4-4603-B5FA-C9BFC6971F6B}.Release|Any CPU.Build.0 = Release|Any CPU
		{068084A2-1A2E-4767-B2CA-77E125BE71F8}.Debug|Any CPU.ActiveCfg = Debug|Any CPU
		{068084A2-1A2E-4767-B2CA-77E125BE71F8}.Debug|Any CPU.Build.0 = Debug|Any CPU
		{068084A2-1A2E-4767-B2CA-77E125BE71F8}.Release|Any CPU.ActiveCfg = Release|Any CPU
		{068084A2-1A2E-4767-B2CA-77E125BE71F8}.Release|Any CPU.Build.0 = Release|Any CPU
		{DAB2C113-3618-4E4D-8D3D-6BFB8A66AA89}.Debug|Any CPU.ActiveCfg = Debug|Any CPU
		{DAB2C113-3618-4E4D-8D3D-6BFB8A66AA89}.Debug|Any CPU.Build.0 = Debug|Any CPU
		{DAB2C113-3618-4E4D-8D3D-6BFB8A66AA89}.Release|Any CPU.ActiveCfg = Release|Any CPU
		{DAB2C113-3618-4E4D-8D3D-6BFB8A66AA89}.Release|Any CPU.Build.0 = Release|Any CPU
		{B98A7F82-6A46-4856-AFE4-C0EB1B717913}.Debug|Any CPU.ActiveCfg = Debug|Any CPU
		{B98A7F82-6A46-4856-AFE4-C0EB1B717913}.Debug|Any CPU.Build.0 = Debug|Any CPU
		{B98A7F82-6A46-4856-AFE4-C0EB1B717913}.Release|Any CPU.ActiveCfg = Release|Any CPU
		{B98A7F82-6A46-4856-AFE4-C0EB1B717913}.Release|Any CPU.Build.0 = Release|Any CPU
	EndGlobalSection
	GlobalSection(SolutionProperties) = preSolution
		HideSolutionNode = FALSE
	EndGlobalSection
	GlobalSection(ExtensibilityGlobals) = postSolution
		SolutionGuid = {60E4E67B-5B07-4843-B064-72D114F8856A}
	EndGlobalSection
EndGlobal
